
Microsoft Visual Studio Solution File, Format Version 12.00
# Visual Studio 14
VisualStudioVersion = 14.0.25123.0
MinimumVisualStudioVersion = 10.0.40219.1
Project("{FAE04EC0-301F-11D3-BF4B-00C04F79EFBC}") = "DotMatrix", "DotMatrix\DotMatrix.csproj", "{AACAA191-434F-4AE3-897E-885BBCE75DC4}"
EndProject
Project("{2150E333-8FDC-42A3-9474-1A3956D46DE8}") = "DotMatrix.Core", "DotMatrix.Core", "{C8952272-BF53-4DDD-8FC8-5E46EB222DC6}"
EndProject
Project("{2150E333-8FDC-42A3-9474-1A3956D46DE8}") = "DotMatrix.Web", "DotMatrix.Web", "{A10C1C40-4D73-4DC4-B43D-31BFB1DFB86A}"
EndProject
Project("{2150E333-8FDC-42A3-9474-1A3956D46DE8}") = "DotMatrix.Services", "DotMatrix.Services", "{DBC82016-27CA-4151-A04D-9ACFB22EF214}"
EndProject
Project("{FAE04EC0-301F-11D3-BF4B-00C04F79EFBC}") = "DotMatrix.Common", "DotMatrix.Common\DotMatrix.Common.csproj", "{0AEAB0F6-DB8A-4D61-AC8A-597BC227EEB3}"
EndProject
Project("{FAE04EC0-301F-11D3-BF4B-00C04F79EFBC}") = "DotMatrix.Core", "DotMatrix.Core\DotMatrix.Core.csproj", "{968682FB-A576-4F7F-9C74-A4C88AAE147C}"
EndProject
Project("{FAE04EC0-301F-11D3-BF4B-00C04F79EFBC}") = "DotMatrix.Data", "DotMatrix.Data\DotMatrix.Data.csproj", "{EF3991DD-8A15-4C0F-9D31-D3565C067639}"
EndProject
Project("{FAE04EC0-301F-11D3-BF4B-00C04F79EFBC}") = "DotMatrix.Entity", "DotMatrix.Entity\DotMatrix.Entity.csproj", "{272067D0-DF82-4EA2-A8ED-187B7462DFCF}"
EndProject
Project("{FAE04EC0-301F-11D3-BF4B-00C04F79EFBC}") = "DotMatrix.DI", "DotMatrix.DI\DotMatrix.DI.csproj", "{21FC5825-11B5-4856-86FB-567A0F356060}"
EndProject
Project("{FAE04EC0-301F-11D3-BF4B-00C04F79EFBC}") = "DotMatrix.Enums", "DotMatrix.Enums\DotMatrix.Enums.csproj", "{0748A30E-4CF8-4F2E-8369-76F8CB4F3467}"
EndProject
Project("{FAE04EC0-301F-11D3-BF4B-00C04F79EFBC}") = "DotMatrix.WalletService", "DotMatrix.WalletService\DotMatrix.WalletService.csproj", "{5E2B5C17-A1FB-4F56-852A-3C9E4DC8F5FB}"
EndProject
Project("{FAE04EC0-301F-11D3-BF4B-00C04F79EFBC}") = "Cryptopia.QueueService", "Cryptopia.QueueService\Cryptopia.QueueService.csproj", "{046F9A01-D09C-4CEB-AAB9-C1D46C18B0B8}"
EndProject
Project("{2150E333-8FDC-42A3-9474-1A3956D46DE8}") = "DotMatrix.Tools", "DotMatrix.Tools", "{7B8C141E-296D-4742-96F1-AF4D6443A885}"
EndProject
Project("{FAE04EC0-301F-11D3-BF4B-00C04F79EFBC}") = "ApiTest", "ApiTest\ApiTest.csproj", "{0CDEAB6E-E7A3-4AE1-B227-39DE99455590}"
EndProject
Project("{2150E333-8FDC-42A3-9474-1A3956D46DE8}") = "Common", "Common", "{547284AE-CEE5-46E9-AD7B-4462BB1AFF0B}"
EndProject
Project("{FAE04EC0-301F-11D3-BF4B-00C04F79EFBC}") = "Cryptopia.Base", "..\Cryptopia\Cryptopia.Base\Cryptopia.Base.csproj", "{434E7159-FEC5-4CF3-8BAD-BFFB2F1C6DAE}"
EndProject
Project("{FAE04EC0-301F-11D3-BF4B-00C04F79EFBC}") = "DotMatrix.ImageService", "DotMatrix.ImageService\DotMatrix.ImageService.csproj", "{8F5D43CF-1571-4985-A71B-7416D7B859C9}"
EndProject
Global
	GlobalSection(SolutionConfigurationPlatforms) = preSolution
		Debug|Any CPU = Debug|Any CPU
		Debug|x64 = Debug|x64
		Release|Any CPU = Release|Any CPU
		Release|x64 = Release|x64
	EndGlobalSection
	GlobalSection(ProjectConfigurationPlatforms) = postSolution
		{AACAA191-434F-4AE3-897E-885BBCE75DC4}.Debug|Any CPU.ActiveCfg = Debug|Any CPU
		{AACAA191-434F-4AE3-897E-885BBCE75DC4}.Debug|Any CPU.Build.0 = Debug|Any CPU
		{AACAA191-434F-4AE3-897E-885BBCE75DC4}.Debug|x64.ActiveCfg = Debug|x64
		{AACAA191-434F-4AE3-897E-885BBCE75DC4}.Debug|x64.Build.0 = Debug|x64
		{AACAA191-434F-4AE3-897E-885BBCE75DC4}.Release|Any CPU.ActiveCfg = Release|Any CPU
		{AACAA191-434F-4AE3-897E-885BBCE75DC4}.Release|Any CPU.Build.0 = Release|Any CPU
		{AACAA191-434F-4AE3-897E-885BBCE75DC4}.Release|x64.ActiveCfg = Release|x64
		{AACAA191-434F-4AE3-897E-885BBCE75DC4}.Release|x64.Build.0 = Release|x64
		{0AEAB0F6-DB8A-4D61-AC8A-597BC227EEB3}.Debug|Any CPU.ActiveCfg = Debug|Any CPU
		{0AEAB0F6-DB8A-4D61-AC8A-597BC227EEB3}.Debug|Any CPU.Build.0 = Debug|Any CPU
		{0AEAB0F6-DB8A-4D61-AC8A-597BC227EEB3}.Debug|x64.ActiveCfg = Debug|x64
		{0AEAB0F6-DB8A-4D61-AC8A-597BC227EEB3}.Debug|x64.Build.0 = Debug|x64
		{0AEAB0F6-DB8A-4D61-AC8A-597BC227EEB3}.Release|Any CPU.ActiveCfg = Release|Any CPU
		{0AEAB0F6-DB8A-4D61-AC8A-597BC227EEB3}.Release|Any CPU.Build.0 = Release|Any CPU
		{0AEAB0F6-DB8A-4D61-AC8A-597BC227EEB3}.Release|x64.ActiveCfg = Release|x64
		{0AEAB0F6-DB8A-4D61-AC8A-597BC227EEB3}.Release|x64.Build.0 = Release|x64
		{968682FB-A576-4F7F-9C74-A4C88AAE147C}.Debug|Any CPU.ActiveCfg = Debug|Any CPU
		{968682FB-A576-4F7F-9C74-A4C88AAE147C}.Debug|Any CPU.Build.0 = Debug|Any CPU
		{968682FB-A576-4F7F-9C74-A4C88AAE147C}.Debug|x64.ActiveCfg = Debug|x64
		{968682FB-A576-4F7F-9C74-A4C88AAE147C}.Debug|x64.Build.0 = Debug|x64
		{968682FB-A576-4F7F-9C74-A4C88AAE147C}.Release|Any CPU.ActiveCfg = Release|Any CPU
		{968682FB-A576-4F7F-9C74-A4C88AAE147C}.Release|Any CPU.Build.0 = Release|Any CPU
		{968682FB-A576-4F7F-9C74-A4C88AAE147C}.Release|x64.ActiveCfg = Release|x64
		{968682FB-A576-4F7F-9C74-A4C88AAE147C}.Release|x64.Build.0 = Release|x64
		{EF3991DD-8A15-4C0F-9D31-D3565C067639}.Debug|Any CPU.ActiveCfg = Debug|Any CPU
		{EF3991DD-8A15-4C0F-9D31-D3565C067639}.Debug|Any CPU.Build.0 = Debug|Any CPU
		{EF3991DD-8A15-4C0F-9D31-D3565C067639}.Debug|x64.ActiveCfg = Debug|x64
		{EF3991DD-8A15-4C0F-9D31-D3565C067639}.Debug|x64.Build.0 = Debug|x64
		{EF3991DD-8A15-4C0F-9D31-D3565C067639}.Release|Any CPU.ActiveCfg = Release|Any CPU
		{EF3991DD-8A15-4C0F-9D31-D3565C067639}.Release|Any CPU.Build.0 = Release|Any CPU
		{EF3991DD-8A15-4C0F-9D31-D3565C067639}.Release|x64.ActiveCfg = Release|x64
		{EF3991DD-8A15-4C0F-9D31-D3565C067639}.Release|x64.Build.0 = Release|x64
		{272067D0-DF82-4EA2-A8ED-187B7462DFCF}.Debug|Any CPU.ActiveCfg = Debug|Any CPU
		{272067D0-DF82-4EA2-A8ED-187B7462DFCF}.Debug|Any CPU.Build.0 = Debug|Any CPU
		{272067D0-DF82-4EA2-A8ED-187B7462DFCF}.Debug|x64.ActiveCfg = Debug|x64
		{272067D0-DF82-4EA2-A8ED-187B7462DFCF}.Debug|x64.Build.0 = Debug|x64
		{272067D0-DF82-4EA2-A8ED-187B7462DFCF}.Release|Any CPU.ActiveCfg = Release|Any CPU
		{272067D0-DF82-4EA2-A8ED-187B7462DFCF}.Release|Any CPU.Build.0 = Release|Any CPU
		{272067D0-DF82-4EA2-A8ED-187B7462DFCF}.Release|x64.ActiveCfg = Release|x64
		{272067D0-DF82-4EA2-A8ED-187B7462DFCF}.Release|x64.Build.0 = Release|x64
		{21FC5825-11B5-4856-86FB-567A0F356060}.Debug|Any CPU.ActiveCfg = Debug|Any CPU
		{21FC5825-11B5-4856-86FB-567A0F356060}.Debug|Any CPU.Build.0 = Debug|Any CPU
		{21FC5825-11B5-4856-86FB-567A0F356060}.Debug|x64.ActiveCfg = Debug|x64
		{21FC5825-11B5-4856-86FB-567A0F356060}.Debug|x64.Build.0 = Debug|x64
		{21FC5825-11B5-4856-86FB-567A0F356060}.Release|Any CPU.ActiveCfg = Release|Any CPU
		{21FC5825-11B5-4856-86FB-567A0F356060}.Release|Any CPU.Build.0 = Release|Any CPU
		{21FC5825-11B5-4856-86FB-567A0F356060}.Release|x64.ActiveCfg = Release|x64
		{21FC5825-11B5-4856-86FB-567A0F356060}.Release|x64.Build.0 = Release|x64
		{0748A30E-4CF8-4F2E-8369-76F8CB4F3467}.Debug|Any CPU.ActiveCfg = Debug|Any CPU
		{0748A30E-4CF8-4F2E-8369-76F8CB4F3467}.Debug|Any CPU.Build.0 = Debug|Any CPU
		{0748A30E-4CF8-4F2E-8369-76F8CB4F3467}.Debug|x64.ActiveCfg = Debug|x64
		{0748A30E-4CF8-4F2E-8369-76F8CB4F3467}.Debug|x64.Build.0 = Debug|x64
		{0748A30E-4CF8-4F2E-8369-76F8CB4F3467}.Release|Any CPU.ActiveCfg = Release|Any CPU
		{0748A30E-4CF8-4F2E-8369-76F8CB4F3467}.Release|Any CPU.Build.0 = Release|Any CPU
		{0748A30E-4CF8-4F2E-8369-76F8CB4F3467}.Release|x64.ActiveCfg = Release|x64
		{0748A30E-4CF8-4F2E-8369-76F8CB4F3467}.Release|x64.Build.0 = Release|x64
		{5E2B5C17-A1FB-4F56-852A-3C9E4DC8F5FB}.Debug|Any CPU.ActiveCfg = Debug|Any CPU
		{5E2B5C17-A1FB-4F56-852A-3C9E4DC8F5FB}.Debug|Any CPU.Build.0 = Debug|Any CPU
		{5E2B5C17-A1FB-4F56-852A-3C9E4DC8F5FB}.Debug|x64.ActiveCfg = Debug|x64
		{5E2B5C17-A1FB-4F56-852A-3C9E4DC8F5FB}.Debug|x64.Build.0 = Debug|x64
		{5E2B5C17-A1FB-4F56-852A-3C9E4DC8F5FB}.Release|Any CPU.ActiveCfg = Release|Any CPU
		{5E2B5C17-A1FB-4F56-852A-3C9E4DC8F5FB}.Release|Any CPU.Build.0 = Release|Any CPU
		{5E2B5C17-A1FB-4F56-852A-3C9E4DC8F5FB}.Release|x64.ActiveCfg = Release|x64
		{5E2B5C17-A1FB-4F56-852A-3C9E4DC8F5FB}.Release|x64.Build.0 = Release|x64
		{046F9A01-D09C-4CEB-AAB9-C1D46C18B0B8}.Debug|Any CPU.ActiveCfg = Debug|Any CPU
		{046F9A01-D09C-4CEB-AAB9-C1D46C18B0B8}.Debug|Any CPU.Build.0 = Debug|Any CPU
		{046F9A01-D09C-4CEB-AAB9-C1D46C18B0B8}.Debug|x64.ActiveCfg = Debug|x64
		{046F9A01-D09C-4CEB-AAB9-C1D46C18B0B8}.Debug|x64.Build.0 = Debug|x64
		{046F9A01-D09C-4CEB-AAB9-C1D46C18B0B8}.Release|Any CPU.ActiveCfg = Release|Any CPU
		{046F9A01-D09C-4CEB-AAB9-C1D46C18B0B8}.Release|Any CPU.Build.0 = Release|Any CPU
		{046F9A01-D09C-4CEB-AAB9-C1D46C18B0B8}.Release|x64.ActiveCfg = Release|x64
		{046F9A01-D09C-4CEB-AAB9-C1D46C18B0B8}.Release|x64.Build.0 = Release|x64
		{0CDEAB6E-E7A3-4AE1-B227-39DE99455590}.Debug|Any CPU.ActiveCfg = Debug|Any CPU
		{0CDEAB6E-E7A3-4AE1-B227-39DE99455590}.Debug|Any CPU.Build.0 = Debug|Any CPU
		{0CDEAB6E-E7A3-4AE1-B227-39DE99455590}.Debug|x64.ActiveCfg = Debug|x64
		{0CDEAB6E-E7A3-4AE1-B227-39DE99455590}.Debug|x64.Build.0 = Debug|x64
		{0CDEAB6E-E7A3-4AE1-B227-39DE99455590}.Release|Any CPU.ActiveCfg = Release|Any CPU
		{0CDEAB6E-E7A3-4AE1-B227-39DE99455590}.Release|Any CPU.Build.0 = Release|Any CPU
		{0CDEAB6E-E7A3-4AE1-B227-39DE99455590}.Release|x64.ActiveCfg = Release|x64
		{0CDEAB6E-E7A3-4AE1-B227-39DE99455590}.Release|x64.Build.0 = Release|x64
		{434E7159-FEC5-4CF3-8BAD-BFFB2F1C6DAE}.Debug|Any CPU.ActiveCfg = Debug|Any CPU
		{434E7159-FEC5-4CF3-8BAD-BFFB2F1C6DAE}.Debug|Any CPU.Build.0 = Debug|Any CPU
		{434E7159-FEC5-4CF3-8BAD-BFFB2F1C6DAE}.Debug|x64.ActiveCfg = Debug|Any CPU
		{434E7159-FEC5-4CF3-8BAD-BFFB2F1C6DAE}.Debug|x64.Build.0 = Debug|Any CPU
		{434E7159-FEC5-4CF3-8BAD-BFFB2F1C6DAE}.Release|Any CPU.ActiveCfg = Release|Any CPU
		{434E7159-FEC5-4CF3-8BAD-BFFB2F1C6DAE}.Release|Any CPU.Build.0 = Release|Any CPU
		{434E7159-FEC5-4CF3-8BAD-BFFB2F1C6DAE}.Release|x64.ActiveCfg = Release|Any CPU
		{434E7159-FEC5-4CF3-8BAD-BFFB2F1C6DAE}.Release|x64.Build.0 = Release|Any CPU
		{8F5D43CF-1571-4985-A71B-7416D7B859C9}.Debug|Any CPU.ActiveCfg = Debug|Any CPU
		{8F5D43CF-1571-4985-A71B-7416D7B859C9}.Debug|Any CPU.Build.0 = Debug|Any CPU
		{8F5D43CF-1571-4985-A71B-7416D7B859C9}.Debug|x64.ActiveCfg = Debug|Any CPU
		{8F5D43CF-1571-4985-A71B-7416D7B859C9}.Debug|x64.Build.0 = Debug|Any CPU
		{8F5D43CF-1571-4985-A71B-7416D7B859C9}.Release|Any CPU.ActiveCfg = Release|Any CPU
		{8F5D43CF-1571-4985-A71B-7416D7B859C9}.Release|Any CPU.Build.0 = Release|Any CPU
		{8F5D43CF-1571-4985-A71B-7416D7B859C9}.Release|x64.ActiveCfg = Release|Any CPU
		{8F5D43CF-1571-4985-A71B-7416D7B859C9}.Release|x64.Build.0 = Release|Any CPU
	EndGlobalSection
	GlobalSection(SolutionProperties) = preSolution
		HideSolutionNode = FALSE
	EndGlobalSection
	GlobalSection(NestedProjects) = preSolution
		{AACAA191-434F-4AE3-897E-885BBCE75DC4} = {A10C1C40-4D73-4DC4-B43D-31BFB1DFB86A}
		{0AEAB0F6-DB8A-4D61-AC8A-597BC227EEB3} = {C8952272-BF53-4DDD-8FC8-5E46EB222DC6}
		{968682FB-A576-4F7F-9C74-A4C88AAE147C} = {C8952272-BF53-4DDD-8FC8-5E46EB222DC6}
		{EF3991DD-8A15-4C0F-9D31-D3565C067639} = {C8952272-BF53-4DDD-8FC8-5E46EB222DC6}
		{272067D0-DF82-4EA2-A8ED-187B7462DFCF} = {C8952272-BF53-4DDD-8FC8-5E46EB222DC6}
		{21FC5825-11B5-4856-86FB-567A0F356060} = {C8952272-BF53-4DDD-8FC8-5E46EB222DC6}
		{0748A30E-4CF8-4F2E-8369-76F8CB4F3467} = {C8952272-BF53-4DDD-8FC8-5E46EB222DC6}
		{5E2B5C17-A1FB-4F56-852A-3C9E4DC8F5FB} = {DBC82016-27CA-4151-A04D-9ACFB22EF214}
		{046F9A01-D09C-4CEB-AAB9-C1D46C18B0B8} = {DBC82016-27CA-4151-A04D-9ACFB22EF214}
		{0CDEAB6E-E7A3-4AE1-B227-39DE99455590} = {7B8C141E-296D-4742-96F1-AF4D6443A885}
		{434E7159-FEC5-4CF3-8BAD-BFFB2F1C6DAE} = {547284AE-CEE5-46E9-AD7B-4462BB1AFF0B}
		{8F5D43CF-1571-4985-A71B-7416D7B859C9} = {DBC82016-27CA-4151-A04D-9ACFB22EF214}
	EndGlobalSection
EndGlobal
