
Microsoft Visual Studio Solution File, Format Version 12.00
# Visual Studio Version 16
VisualStudioVersion = 16.0.29613.14
MinimumVisualStudioVersion = 10.0.40219.1
Project("{FAE04EC0-301F-11D3-BF4B-00C04F79EFBC}") = "DotMatrix", "DotMatrix\DotMatrix.csproj", "{AACAA191-434F-4AE3-897E-885BBCE75DC4}"
EndProject
Project("{2150E333-8FDC-42A3-9474-1A3956D46DE8}") = "DotMatrix.Core", "DotMatrix.Core", "{C8952272-BF53-4DDD-8FC8-5E46EB222DC6}"
EndProject
Project("{2150E333-8FDC-42A3-9474-1A3956D46DE8}") = "DotMatrix.Web", "DotMatrix.Web", "{A10C1C40-4D73-4DC4-B43D-31BFB1DFB86A}"
EndProject
Project("{2150E333-8FDC-42A3-9474-1A3956D46DE8}") = "DotMatrix.Services", "DotMatrix.Services", "{DBC82016-27CA-4151-A04D-9ACFB22EF214}"
EndProject
Project("{FAE04EC0-301F-11D3-BF4B-00C04F79EFBC}") = "DotMatrix.Common", "DotMatrix.Common\DotMatrix.Common.csproj", "{0AEAB0F6-DB8A-4D61-AC8A-597BC227EEB3}"
EndProject
Project("{FAE04EC0-301F-11D3-BF4B-00C04F79EFBC}") = "DotMatrix.Core", "DotMatrix.Core\DotMatrix.Core.csproj", "{968682FB-A576-4F7F-9C74-A4C88AAE147C}"
EndProject
Project("{FAE04EC0-301F-11D3-BF4B-00C04F79EFBC}") = "DotMatrix.Data", "DotMatrix.Data\DotMatrix.Data.csproj", "{EF3991DD-8A15-4C0F-9D31-D3565C067639}"
EndProject
Project("{FAE04EC0-301F-11D3-BF4B-00C04F79EFBC}") = "DotMatrix.Entity", "DotMatrix.Entity\DotMatrix.Entity.csproj", "{272067D0-DF82-4EA2-A8ED-187B7462DFCF}"
EndProject
Project("{FAE04EC0-301F-11D3-BF4B-00C04F79EFBC}") = "DotMatrix.DI", "DotMatrix.DI\DotMatrix.DI.csproj", "{21FC5825-11B5-4856-86FB-567A0F356060}"
EndProject
Project("{FAE04EC0-301F-11D3-BF4B-00C04F79EFBC}") = "DotMatrix.Enums", "DotMatrix.Enums\DotMatrix.Enums.csproj", "{0748A30E-4CF8-4F2E-8369-76F8CB4F3467}"
EndProject
Project("{FAE04EC0-301F-11D3-BF4B-00C04F79EFBC}") = "DotMatrix.WalletService", "DotMatrix.WalletService\DotMatrix.WalletService.csproj", "{5E2B5C17-A1FB-4F56-852A-3C9E4DC8F5FB}"
EndProject
Project("{FAE04EC0-301F-11D3-BF4B-00C04F79EFBC}") = "DotMatrix.QueueService", "DotMatrix.QueueService\DotMatrix.QueueService.csproj", "{046F9A01-D09C-4CEB-AAB9-C1D46C18B0B8}"
EndProject
Project("{2150E333-8FDC-42A3-9474-1A3956D46DE8}") = "DotMatrix.Tools", "DotMatrix.Tools", "{7B8C141E-296D-4742-96F1-AF4D6443A885}"
EndProject
Project("{FAE04EC0-301F-11D3-BF4B-00C04F79EFBC}") = "ApiTest", "ApiTest\ApiTest.csproj", "{0CDEAB6E-E7A3-4AE1-B227-39DE99455590}"
EndProject
Project("{FAE04EC0-301F-11D3-BF4B-00C04F79EFBC}") = "DotMatrix.Base", "DotMatrix.Base\DotMatrix.Base.csproj", "{D5029E7C-EFD9-4C90-99AB-6FB08601ECCC}"
EndProject
Project("{FAE04EC0-301F-11D3-BF4B-00C04F79EFBC}") = "DotMatrix.ImageService", "DotMatrix.ImageService\DotMatrix.ImageService.csproj", "{8F5D43CF-1571-4985-A71B-7416D7B859C9}"
EndProject
Project("{FAE04EC0-301F-11D3-BF4B-00C04F79EFBC}") = "DotMatrix.QueueService.Common", "DotMatrix.QueueService.Common\DotMatrix.QueueService.Common.csproj", "{C68E1323-DA0F-4A13-9DF2-003DF573D3E2}"
EndProject
Project("{FAE04EC0-301F-11D3-BF4B-00C04F79EFBC}") = "DotMatrix.QueueService.Client", "DotMatrix.QueueService.Client\DotMatrix.QueueService.Client.csproj", "{21595A73-D464-407A-9CAE-36170EDFD2BD}"
EndProject
Project("{2150E333-8FDC-42A3-9474-1A3956D46DE8}") = "DotMatrix.Data", "DotMatrix.Data", "{3E2D0912-76BA-441C-BE0C-EB3B8E76FE81}"
EndProject
Project("{00D1A9C2-B5F0-4AF3-8072-F6C62B433612}") = "DotMatrix.Database", "DotMatrix.Database\DotMatrix.Database.sqlproj", "{0AF99169-7805-43D3-8557-B9AE4CEE4771}"
EndProject
Project("{FAE04EC0-301F-11D3-BF4B-00C04F79EFBC}") = "DotMatrix.EmailService", "DotMatrix.EmailService\DotMatrix.EmailService.csproj", "{DFCC0E9B-8DF0-4092-A19B-57A115A1A918}"
EndProject
Project("{2150E333-8FDC-42A3-9474-1A3956D46DE8}") = "DotMatrix.Cache", "DotMatrix.Cache", "{7582D289-02BE-4BBA-A9CE-9B482F30837F}"
EndProject
Project("{FAE04EC0-301F-11D3-BF4B-00C04F79EFBC}") = "DotMatrix.Cache.Common", "DotMatrix.Cache.Common\DotMatrix.Cache.Common.csproj", "{19E68EE5-E46C-4D6C-B7C3-D2E8750E0456}"
EndProject
Project("{FAE04EC0-301F-11D3-BF4B-00C04F79EFBC}") = "DotMatrix.Cache", "DotMatrix.Cache\DotMatrix.Cache.csproj", "{A77D1355-31CA-4EE4-B696-6C90BAF5E640}"
EndProject
Project("{FAE04EC0-301F-11D3-BF4B-00C04F79EFBC}") = "DotMatrix.Datatables", "DotMatrix.Datatables\DotMatrix.Datatables.csproj", "{389ADE94-7C32-4885-812E-68A2A74C82D8}"
EndProject
Project("{FAE04EC0-301F-11D3-BF4B-00C04F79EFBC}") = "DotMatrix.AwardService", "DotMatrix.AwardService\DotMatrix.AwardService.csproj", "{F17662DE-5A2C-400A-A9FF-5410C80B4896}"
EndProject
Global
	GlobalSection(SolutionConfigurationPlatforms) = preSolution
		Debug|Any CPU = Debug|Any CPU
		Debug|x64 = Debug|x64
		Release|Any CPU = Release|Any CPU
		Release|x64 = Release|x64
	EndGlobalSection
	GlobalSection(ProjectConfigurationPlatforms) = postSolution
		{AACAA191-434F-4AE3-897E-885BBCE75DC4}.Debug|Any CPU.ActiveCfg = Debug|Any CPU
		{AACAA191-434F-4AE3-897E-885BBCE75DC4}.Debug|Any CPU.Build.0 = Debug|Any CPU
		{AACAA191-434F-4AE3-897E-885BBCE75DC4}.Debug|x64.ActiveCfg = Debug|x64
		{AACAA191-434F-4AE3-897E-885BBCE75DC4}.Debug|x64.Build.0 = Debug|x64
		{AACAA191-434F-4AE3-897E-885BBCE75DC4}.Release|Any CPU.ActiveCfg = Release|Any CPU
		{AACAA191-434F-4AE3-897E-885BBCE75DC4}.Release|Any CPU.Build.0 = Release|Any CPU
		{AACAA191-434F-4AE3-897E-885BBCE75DC4}.Release|x64.ActiveCfg = Release|x64
		{AACAA191-434F-4AE3-897E-885BBCE75DC4}.Release|x64.Build.0 = Release|x64
		{0AEAB0F6-DB8A-4D61-AC8A-597BC227EEB3}.Debug|Any CPU.ActiveCfg = Debug|Any CPU
		{0AEAB0F6-DB8A-4D61-AC8A-597BC227EEB3}.Debug|Any CPU.Build.0 = Debug|Any CPU
		{0AEAB0F6-DB8A-4D61-AC8A-597BC227EEB3}.Debug|x64.ActiveCfg = Debug|x64
		{0AEAB0F6-DB8A-4D61-AC8A-597BC227EEB3}.Debug|x64.Build.0 = Debug|x64
		{0AEAB0F6-DB8A-4D61-AC8A-597BC227EEB3}.Release|Any CPU.ActiveCfg = Release|Any CPU
		{0AEAB0F6-DB8A-4D61-AC8A-597BC227EEB3}.Release|Any CPU.Build.0 = Release|Any CPU
		{0AEAB0F6-DB8A-4D61-AC8A-597BC227EEB3}.Release|x64.ActiveCfg = Release|x64
		{0AEAB0F6-DB8A-4D61-AC8A-597BC227EEB3}.Release|x64.Build.0 = Release|x64
		{968682FB-A576-4F7F-9C74-A4C88AAE147C}.Debug|Any CPU.ActiveCfg = Debug|Any CPU
		{968682FB-A576-4F7F-9C74-A4C88AAE147C}.Debug|Any CPU.Build.0 = Debug|Any CPU
		{968682FB-A576-4F7F-9C74-A4C88AAE147C}.Debug|x64.ActiveCfg = Debug|x64
		{968682FB-A576-4F7F-9C74-A4C88AAE147C}.Debug|x64.Build.0 = Debug|x64
		{968682FB-A576-4F7F-9C74-A4C88AAE147C}.Release|Any CPU.ActiveCfg = Release|Any CPU
		{968682FB-A576-4F7F-9C74-A4C88AAE147C}.Release|Any CPU.Build.0 = Release|Any CPU
		{968682FB-A576-4F7F-9C74-A4C88AAE147C}.Release|x64.ActiveCfg = Release|x64
		{968682FB-A576-4F7F-9C74-A4C88AAE147C}.Release|x64.Build.0 = Release|x64
		{EF3991DD-8A15-4C0F-9D31-D3565C067639}.Debug|Any CPU.ActiveCfg = Debug|Any CPU
		{EF3991DD-8A15-4C0F-9D31-D3565C067639}.Debug|Any CPU.Build.0 = Debug|Any CPU
		{EF3991DD-8A15-4C0F-9D31-D3565C067639}.Debug|x64.ActiveCfg = Debug|x64
		{EF3991DD-8A15-4C0F-9D31-D3565C067639}.Debug|x64.Build.0 = Debug|x64
		{EF3991DD-8A15-4C0F-9D31-D3565C067639}.Release|Any CPU.ActiveCfg = Release|Any CPU
		{EF3991DD-8A15-4C0F-9D31-D3565C067639}.Release|Any CPU.Build.0 = Release|Any CPU
		{EF3991DD-8A15-4C0F-9D31-D3565C067639}.Release|x64.ActiveCfg = Release|x64
		{EF3991DD-8A15-4C0F-9D31-D3565C067639}.Release|x64.Build.0 = Release|x64
		{272067D0-DF82-4EA2-A8ED-187B7462DFCF}.Debug|Any CPU.ActiveCfg = Debug|Any CPU
		{272067D0-DF82-4EA2-A8ED-187B7462DFCF}.Debug|Any CPU.Build.0 = Debug|Any CPU
		{272067D0-DF82-4EA2-A8ED-187B7462DFCF}.Debug|x64.ActiveCfg = Debug|x64
		{272067D0-DF82-4EA2-A8ED-187B7462DFCF}.Debug|x64.Build.0 = Debug|x64
		{272067D0-DF82-4EA2-A8ED-187B7462DFCF}.Release|Any CPU.ActiveCfg = Release|Any CPU
		{272067D0-DF82-4EA2-A8ED-187B7462DFCF}.Release|Any CPU.Build.0 = Release|Any CPU
		{272067D0-DF82-4EA2-A8ED-187B7462DFCF}.Release|x64.ActiveCfg = Release|x64
		{272067D0-DF82-4EA2-A8ED-187B7462DFCF}.Release|x64.Build.0 = Release|x64
		{21FC5825-11B5-4856-86FB-567A0F356060}.Debug|Any CPU.ActiveCfg = Debug|Any CPU
		{21FC5825-11B5-4856-86FB-567A0F356060}.Debug|Any CPU.Build.0 = Debug|Any CPU
		{21FC5825-11B5-4856-86FB-567A0F356060}.Debug|x64.ActiveCfg = Debug|x64
		{21FC5825-11B5-4856-86FB-567A0F356060}.Debug|x64.Build.0 = Debug|x64
		{21FC5825-11B5-4856-86FB-567A0F356060}.Release|Any CPU.ActiveCfg = Release|Any CPU
		{21FC5825-11B5-4856-86FB-567A0F356060}.Release|Any CPU.Build.0 = Release|Any CPU
		{21FC5825-11B5-4856-86FB-567A0F356060}.Release|x64.ActiveCfg = Release|x64
		{21FC5825-11B5-4856-86FB-567A0F356060}.Release|x64.Build.0 = Release|x64
		{0748A30E-4CF8-4F2E-8369-76F8CB4F3467}.Debug|Any CPU.ActiveCfg = Debug|Any CPU
		{0748A30E-4CF8-4F2E-8369-76F8CB4F3467}.Debug|Any CPU.Build.0 = Debug|Any CPU
		{0748A30E-4CF8-4F2E-8369-76F8CB4F3467}.Debug|x64.ActiveCfg = Debug|x64
		{0748A30E-4CF8-4F2E-8369-76F8CB4F3467}.Debug|x64.Build.0 = Debug|x64
		{0748A30E-4CF8-4F2E-8369-76F8CB4F3467}.Release|Any CPU.ActiveCfg = Release|Any CPU
		{0748A30E-4CF8-4F2E-8369-76F8CB4F3467}.Release|Any CPU.Build.0 = Release|Any CPU
		{0748A30E-4CF8-4F2E-8369-76F8CB4F3467}.Release|x64.ActiveCfg = Release|x64
		{0748A30E-4CF8-4F2E-8369-76F8CB4F3467}.Release|x64.Build.0 = Release|x64
		{5E2B5C17-A1FB-4F56-852A-3C9E4DC8F5FB}.Debug|Any CPU.ActiveCfg = Debug|Any CPU
		{5E2B5C17-A1FB-4F56-852A-3C9E4DC8F5FB}.Debug|Any CPU.Build.0 = Debug|Any CPU
		{5E2B5C17-A1FB-4F56-852A-3C9E4DC8F5FB}.Debug|x64.ActiveCfg = Debug|x64
		{5E2B5C17-A1FB-4F56-852A-3C9E4DC8F5FB}.Debug|x64.Build.0 = Debug|x64
		{5E2B5C17-A1FB-4F56-852A-3C9E4DC8F5FB}.Release|Any CPU.ActiveCfg = Release|Any CPU
		{5E2B5C17-A1FB-4F56-852A-3C9E4DC8F5FB}.Release|Any CPU.Build.0 = Release|Any CPU
		{5E2B5C17-A1FB-4F56-852A-3C9E4DC8F5FB}.Release|x64.ActiveCfg = Release|x64
		{5E2B5C17-A1FB-4F56-852A-3C9E4DC8F5FB}.Release|x64.Build.0 = Release|x64
		{046F9A01-D09C-4CEB-AAB9-C1D46C18B0B8}.Debug|Any CPU.ActiveCfg = Debug|Any CPU
		{046F9A01-D09C-4CEB-AAB9-C1D46C18B0B8}.Debug|Any CPU.Build.0 = Debug|Any CPU
		{046F9A01-D09C-4CEB-AAB9-C1D46C18B0B8}.Debug|x64.ActiveCfg = Debug|x64
		{046F9A01-D09C-4CEB-AAB9-C1D46C18B0B8}.Debug|x64.Build.0 = Debug|x64
		{046F9A01-D09C-4CEB-AAB9-C1D46C18B0B8}.Release|Any CPU.ActiveCfg = Release|Any CPU
		{046F9A01-D09C-4CEB-AAB9-C1D46C18B0B8}.Release|Any CPU.Build.0 = Release|Any CPU
		{046F9A01-D09C-4CEB-AAB9-C1D46C18B0B8}.Release|x64.ActiveCfg = Release|x64
		{046F9A01-D09C-4CEB-AAB9-C1D46C18B0B8}.Release|x64.Build.0 = Release|x64
		{0CDEAB6E-E7A3-4AE1-B227-39DE99455590}.Debug|Any CPU.ActiveCfg = Debug|Any CPU
		{0CDEAB6E-E7A3-4AE1-B227-39DE99455590}.Debug|Any CPU.Build.0 = Debug|Any CPU
		{0CDEAB6E-E7A3-4AE1-B227-39DE99455590}.Debug|x64.ActiveCfg = Debug|x64
		{0CDEAB6E-E7A3-4AE1-B227-39DE99455590}.Debug|x64.Build.0 = Debug|x64
		{0CDEAB6E-E7A3-4AE1-B227-39DE99455590}.Release|Any CPU.ActiveCfg = Release|Any CPU
		{0CDEAB6E-E7A3-4AE1-B227-39DE99455590}.Release|Any CPU.Build.0 = Release|Any CPU
		{0CDEAB6E-E7A3-4AE1-B227-39DE99455590}.Release|x64.ActiveCfg = Release|x64
		{0CDEAB6E-E7A3-4AE1-B227-39DE99455590}.Release|x64.Build.0 = Release|x64
		{D5029E7C-EFD9-4C90-99AB-6FB08601ECCC}.Debug|Any CPU.ActiveCfg = Debug|Any CPU
		{D5029E7C-EFD9-4C90-99AB-6FB08601ECCC}.Debug|Any CPU.Build.0 = Debug|Any CPU
		{D5029E7C-EFD9-4C90-99AB-6FB08601ECCC}.Debug|x64.ActiveCfg = Debug|Any CPU
		{D5029E7C-EFD9-4C90-99AB-6FB08601ECCC}.Debug|x64.Build.0 = Debug|Any CPU
		{D5029E7C-EFD9-4C90-99AB-6FB08601ECCC}.Release|Any CPU.ActiveCfg = Release|Any CPU
		{D5029E7C-EFD9-4C90-99AB-6FB08601ECCC}.Release|Any CPU.Build.0 = Release|Any CPU
		{D5029E7C-EFD9-4C90-99AB-6FB08601ECCC}.Release|x64.ActiveCfg = Release|Any CPU
		{D5029E7C-EFD9-4C90-99AB-6FB08601ECCC}.Release|x64.Build.0 = Release|Any CPU
		{8F5D43CF-1571-4985-A71B-7416D7B859C9}.Debug|Any CPU.ActiveCfg = Debug|Any CPU
		{8F5D43CF-1571-4985-A71B-7416D7B859C9}.Debug|Any CPU.Build.0 = Debug|Any CPU
		{8F5D43CF-1571-4985-A71B-7416D7B859C9}.Debug|x64.ActiveCfg = Debug|Any CPU
		{8F5D43CF-1571-4985-A71B-7416D7B859C9}.Debug|x64.Build.0 = Debug|Any CPU
		{8F5D43CF-1571-4985-A71B-7416D7B859C9}.Release|Any CPU.ActiveCfg = Release|Any CPU
		{8F5D43CF-1571-4985-A71B-7416D7B859C9}.Release|Any CPU.Build.0 = Release|Any CPU
		{8F5D43CF-1571-4985-A71B-7416D7B859C9}.Release|x64.ActiveCfg = Release|Any CPU
		{8F5D43CF-1571-4985-A71B-7416D7B859C9}.Release|x64.Build.0 = Release|Any CPU
		{C68E1323-DA0F-4A13-9DF2-003DF573D3E2}.Debug|Any CPU.ActiveCfg = Debug|Any CPU
		{C68E1323-DA0F-4A13-9DF2-003DF573D3E2}.Debug|Any CPU.Build.0 = Debug|Any CPU
		{C68E1323-DA0F-4A13-9DF2-003DF573D3E2}.Debug|x64.ActiveCfg = Debug|Any CPU
		{C68E1323-DA0F-4A13-9DF2-003DF573D3E2}.Debug|x64.Build.0 = Debug|Any CPU
		{C68E1323-DA0F-4A13-9DF2-003DF573D3E2}.Release|Any CPU.ActiveCfg = Release|Any CPU
		{C68E1323-DA0F-4A13-9DF2-003DF573D3E2}.Release|Any CPU.Build.0 = Release|Any CPU
		{C68E1323-DA0F-4A13-9DF2-003DF573D3E2}.Release|x64.ActiveCfg = Release|Any CPU
		{C68E1323-DA0F-4A13-9DF2-003DF573D3E2}.Release|x64.Build.0 = Release|Any CPU
		{21595A73-D464-407A-9CAE-36170EDFD2BD}.Debug|Any CPU.ActiveCfg = Debug|Any CPU
		{21595A73-D464-407A-9CAE-36170EDFD2BD}.Debug|Any CPU.Build.0 = Debug|Any CPU
		{21595A73-D464-407A-9CAE-36170EDFD2BD}.Debug|x64.ActiveCfg = Debug|Any CPU
		{21595A73-D464-407A-9CAE-36170EDFD2BD}.Debug|x64.Build.0 = Debug|Any CPU
		{21595A73-D464-407A-9CAE-36170EDFD2BD}.Release|Any CPU.ActiveCfg = Release|Any CPU
		{21595A73-D464-407A-9CAE-36170EDFD2BD}.Release|Any CPU.Build.0 = Release|Any CPU
		{21595A73-D464-407A-9CAE-36170EDFD2BD}.Release|x64.ActiveCfg = Release|Any CPU
		{21595A73-D464-407A-9CAE-36170EDFD2BD}.Release|x64.Build.0 = Release|Any CPU
		{0AF99169-7805-43D3-8557-B9AE4CEE4771}.Debug|Any CPU.ActiveCfg = Debug|Any CPU
		{0AF99169-7805-43D3-8557-B9AE4CEE4771}.Debug|Any CPU.Build.0 = Debug|Any CPU
		{0AF99169-7805-43D3-8557-B9AE4CEE4771}.Debug|Any CPU.Deploy.0 = Debug|Any CPU
		{0AF99169-7805-43D3-8557-B9AE4CEE4771}.Debug|x64.ActiveCfg = Debug|Any CPU
		{0AF99169-7805-43D3-8557-B9AE4CEE4771}.Debug|x64.Build.0 = Debug|Any CPU
		{0AF99169-7805-43D3-8557-B9AE4CEE4771}.Debug|x64.Deploy.0 = Debug|Any CPU
		{0AF99169-7805-43D3-8557-B9AE4CEE4771}.Release|Any CPU.ActiveCfg = Release|Any CPU
		{0AF99169-7805-43D3-8557-B9AE4CEE4771}.Release|Any CPU.Build.0 = Release|Any CPU
		{0AF99169-7805-43D3-8557-B9AE4CEE4771}.Release|Any CPU.Deploy.0 = Release|Any CPU
		{0AF99169-7805-43D3-8557-B9AE4CEE4771}.Release|x64.ActiveCfg = Release|Any CPU
		{0AF99169-7805-43D3-8557-B9AE4CEE4771}.Release|x64.Build.0 = Release|Any CPU
		{0AF99169-7805-43D3-8557-B9AE4CEE4771}.Release|x64.Deploy.0 = Release|Any CPU
		{DFCC0E9B-8DF0-4092-A19B-57A115A1A918}.Debug|Any CPU.ActiveCfg = Debug|Any CPU
		{DFCC0E9B-8DF0-4092-A19B-57A115A1A918}.Debug|Any CPU.Build.0 = Debug|Any CPU
		{DFCC0E9B-8DF0-4092-A19B-57A115A1A918}.Debug|x64.ActiveCfg = Debug|x64
		{DFCC0E9B-8DF0-4092-A19B-57A115A1A918}.Debug|x64.Build.0 = Debug|x64
		{DFCC0E9B-8DF0-4092-A19B-57A115A1A918}.Release|Any CPU.ActiveCfg = Release|Any CPU
		{DFCC0E9B-8DF0-4092-A19B-57A115A1A918}.Release|Any CPU.Build.0 = Release|Any CPU
		{DFCC0E9B-8DF0-4092-A19B-57A115A1A918}.Release|x64.ActiveCfg = Release|x64
		{DFCC0E9B-8DF0-4092-A19B-57A115A1A918}.Release|x64.Build.0 = Release|x64
		{19E68EE5-E46C-4D6C-B7C3-D2E8750E0456}.Debug|Any CPU.ActiveCfg = Debug|Any CPU
		{19E68EE5-E46C-4D6C-B7C3-D2E8750E0456}.Debug|Any CPU.Build.0 = Debug|Any CPU
		{19E68EE5-E46C-4D6C-B7C3-D2E8750E0456}.Debug|x64.ActiveCfg = Debug|Any CPU
		{19E68EE5-E46C-4D6C-B7C3-D2E8750E0456}.Debug|x64.Build.0 = Debug|Any CPU
		{19E68EE5-E46C-4D6C-B7C3-D2E8750E0456}.Release|Any CPU.ActiveCfg = Release|Any CPU
		{19E68EE5-E46C-4D6C-B7C3-D2E8750E0456}.Release|Any CPU.Build.0 = Release|Any CPU
		{19E68EE5-E46C-4D6C-B7C3-D2E8750E0456}.Release|x64.ActiveCfg = Release|Any CPU
		{19E68EE5-E46C-4D6C-B7C3-D2E8750E0456}.Release|x64.Build.0 = Release|Any CPU
		{A77D1355-31CA-4EE4-B696-6C90BAF5E640}.Debug|Any CPU.ActiveCfg = Debug|Any CPU
		{A77D1355-31CA-4EE4-B696-6C90BAF5E640}.Debug|Any CPU.Build.0 = Debug|Any CPU
		{A77D1355-31CA-4EE4-B696-6C90BAF5E640}.Debug|x64.ActiveCfg = Debug|Any CPU
		{A77D1355-31CA-4EE4-B696-6C90BAF5E640}.Debug|x64.Build.0 = Debug|Any CPU
		{A77D1355-31CA-4EE4-B696-6C90BAF5E640}.Release|Any CPU.ActiveCfg = Release|Any CPU
		{A77D1355-31CA-4EE4-B696-6C90BAF5E640}.Release|Any CPU.Build.0 = Release|Any CPU
		{A77D1355-31CA-4EE4-B696-6C90BAF5E640}.Release|x64.ActiveCfg = Release|Any CPU
		{A77D1355-31CA-4EE4-B696-6C90BAF5E640}.Release|x64.Build.0 = Release|Any CPU
		{389ADE94-7C32-4885-812E-68A2A74C82D8}.Debug|Any CPU.ActiveCfg = Debug|Any CPU
		{389ADE94-7C32-4885-812E-68A2A74C82D8}.Debug|Any CPU.Build.0 = Debug|Any CPU
		{389ADE94-7C32-4885-812E-68A2A74C82D8}.Debug|x64.ActiveCfg = Debug|x64
		{389ADE94-7C32-4885-812E-68A2A74C82D8}.Debug|x64.Build.0 = Debug|x64
		{389ADE94-7C32-4885-812E-68A2A74C82D8}.Release|Any CPU.ActiveCfg = Release|Any CPU
		{389ADE94-7C32-4885-812E-68A2A74C82D8}.Release|Any CPU.Build.0 = Release|Any CPU
		{389ADE94-7C32-4885-812E-68A2A74C82D8}.Release|x64.ActiveCfg = Release|x64
		{389ADE94-7C32-4885-812E-68A2A74C82D8}.Release|x64.Build.0 = Release|x64
		{F17662DE-5A2C-400A-A9FF-5410C80B4896}.Debug|Any CPU.ActiveCfg = Debug|Any CPU
		{F17662DE-5A2C-400A-A9FF-5410C80B4896}.Debug|Any CPU.Build.0 = Debug|Any CPU
		{F17662DE-5A2C-400A-A9FF-5410C80B4896}.Debug|x64.ActiveCfg = Debug|Any CPU
		{F17662DE-5A2C-400A-A9FF-5410C80B4896}.Debug|x64.Build.0 = Debug|Any CPU
		{F17662DE-5A2C-400A-A9FF-5410C80B4896}.Release|Any CPU.ActiveCfg = Release|Any CPU
		{F17662DE-5A2C-400A-A9FF-5410C80B4896}.Release|Any CPU.Build.0 = Release|Any CPU
		{F17662DE-5A2C-400A-A9FF-5410C80B4896}.Release|x64.ActiveCfg = Release|Any CPU
		{F17662DE-5A2C-400A-A9FF-5410C80B4896}.Release|x64.Build.0 = Release|Any CPU
	EndGlobalSection
	GlobalSection(SolutionProperties) = preSolution
		HideSolutionNode = FALSE
	EndGlobalSection
	GlobalSection(NestedProjects) = preSolution
		{AACAA191-434F-4AE3-897E-885BBCE75DC4} = {A10C1C40-4D73-4DC4-B43D-31BFB1DFB86A}
		{0AEAB0F6-DB8A-4D61-AC8A-597BC227EEB3} = {C8952272-BF53-4DDD-8FC8-5E46EB222DC6}
		{968682FB-A576-4F7F-9C74-A4C88AAE147C} = {C8952272-BF53-4DDD-8FC8-5E46EB222DC6}
		{EF3991DD-8A15-4C0F-9D31-D3565C067639} = {3E2D0912-76BA-441C-BE0C-EB3B8E76FE81}
		{272067D0-DF82-4EA2-A8ED-187B7462DFCF} = {3E2D0912-76BA-441C-BE0C-EB3B8E76FE81}
		{21FC5825-11B5-4856-86FB-567A0F356060} = {A10C1C40-4D73-4DC4-B43D-31BFB1DFB86A}
		{0748A30E-4CF8-4F2E-8369-76F8CB4F3467} = {C8952272-BF53-4DDD-8FC8-5E46EB222DC6}
		{5E2B5C17-A1FB-4F56-852A-3C9E4DC8F5FB} = {DBC82016-27CA-4151-A04D-9ACFB22EF214}
		{046F9A01-D09C-4CEB-AAB9-C1D46C18B0B8} = {DBC82016-27CA-4151-A04D-9ACFB22EF214}
		{0CDEAB6E-E7A3-4AE1-B227-39DE99455590} = {7B8C141E-296D-4742-96F1-AF4D6443A885}
		{D5029E7C-EFD9-4C90-99AB-6FB08601ECCC} = {C8952272-BF53-4DDD-8FC8-5E46EB222DC6}
		{8F5D43CF-1571-4985-A71B-7416D7B859C9} = {DBC82016-27CA-4151-A04D-9ACFB22EF214}
		{C68E1323-DA0F-4A13-9DF2-003DF573D3E2} = {DBC82016-27CA-4151-A04D-9ACFB22EF214}
		{21595A73-D464-407A-9CAE-36170EDFD2BD} = {DBC82016-27CA-4151-A04D-9ACFB22EF214}
		{0AF99169-7805-43D3-8557-B9AE4CEE4771} = {3E2D0912-76BA-441C-BE0C-EB3B8E76FE81}
		{DFCC0E9B-8DF0-4092-A19B-57A115A1A918} = {DBC82016-27CA-4151-A04D-9ACFB22EF214}
		{19E68EE5-E46C-4D6C-B7C3-D2E8750E0456} = {7582D289-02BE-4BBA-A9CE-9B482F30837F}
		{A77D1355-31CA-4EE4-B696-6C90BAF5E640} = {7582D289-02BE-4BBA-A9CE-9B482F30837F}
		{389ADE94-7C32-4885-812E-68A2A74C82D8} = {C8952272-BF53-4DDD-8FC8-5E46EB222DC6}
		{F17662DE-5A2C-400A-A9FF-5410C80B4896} = {DBC82016-27CA-4151-A04D-9ACFB22EF214}
	EndGlobalSection
	GlobalSection(ExtensibilityGlobals) = postSolution
		SolutionGuid = {A28F7A78-DFCF-42C1-92D0-8BC69EDB8A7B}
	EndGlobalSection
EndGlobal
